
Microsoft Visual Studio Solution File, Format Version 12.00
# Visual Studio 14
VisualStudioVersion = 14.0.23107.0
MinimumVisualStudioVersion = 10.0.40219.1
Project("{8BC9CEB8-8B4A-11D0-8D11-00A0C91BC942}") = "CTF_Testing", "CTF_Testing.vcxproj", "{9EDA35E4-3A1C-4CEB-8892-3DEF46B4A83C}"
EndProject
Project("{8BC9CEB8-8B4A-11D0-8D11-00A0C91BC942}") = "ObfuCompiler", "..\ObfuCompiler\ObfuCompiler.vcxproj", "{B3E670E8-1035-4C90-AF9C-B0018776F24C}"
EndProject
Global
	GlobalSection(SolutionConfigurationPlatforms) = preSolution
		Debug|Any CPU = Debug|Any CPU
		Debug|x64 = Debug|x64
		Debug|x86 = Debug|x86
		Release|Any CPU = Release|Any CPU
		Release|x64 = Release|x64
		Release|x86 = Release|x86
	EndGlobalSection
	GlobalSection(ProjectConfigurationPlatforms) = postSolution
		{9EDA35E4-3A1C-4CEB-8892-3DEF46B4A83C}.Debug|Any CPU.ActiveCfg = Debug|Win32
		{9EDA35E4-3A1C-4CEB-8892-3DEF46B4A83C}.Debug|x64.ActiveCfg = Debug|x64
		{9EDA35E4-3A1C-4CEB-8892-3DEF46B4A83C}.Debug|x64.Build.0 = Debug|x64
		{9EDA35E4-3A1C-4CEB-8892-3DEF46B4A83C}.Debug|x86.ActiveCfg = Debug|Win32
		{9EDA35E4-3A1C-4CEB-8892-3DEF46B4A83C}.Debug|x86.Build.0 = Debug|Win32
		{9EDA35E4-3A1C-4CEB-8892-3DEF46B4A83C}.Release|Any CPU.ActiveCfg = Release|Win32
		{9EDA35E4-3A1C-4CEB-8892-3DEF46B4A83C}.Release|x64.ActiveCfg = Release|x64
		{9EDA35E4-3A1C-4CEB-8892-3DEF46B4A83C}.Release|x64.Build.0 = Release|x64
		{9EDA35E4-3A1C-4CEB-8892-3DEF46B4A83C}.Release|x86.ActiveCfg = Release|Win32
		{9EDA35E4-3A1C-4CEB-8892-3DEF46B4A83C}.Release|x86.Build.0 = Release|Win32
		{B3E670E8-1035-4C90-AF9C-B0018776F24C}.Debug|Any CPU.ActiveCfg = Debug|Win32
		{B3E670E8-1035-4C90-AF9C-B0018776F24C}.Debug|x64.ActiveCfg = Debug|x64
		{B3E670E8-1035-4C90-AF9C-B0018776F24C}.Debug|x64.Build.0 = Debug|x64
		{B3E670E8-1035-4C90-AF9C-B0018776F24C}.Debug|x86.ActiveCfg = Debug|Win32
		{B3E670E8-1035-4C90-AF9C-B0018776F24C}.Debug|x86.Build.0 = Debug|Win32
		{B3E670E8-1035-4C90-AF9C-B0018776F24C}.Release|Any CPU.ActiveCfg = Release|Win32
		{B3E670E8-1035-4C90-AF9C-B0018776F24C}.Release|x64.ActiveCfg = Release|x64
		{B3E670E8-1035-4C90-AF9C-B0018776F24C}.Release|x64.Build.0 = Release|x64
		{B3E670E8-1035-4C90-AF9C-B0018776F24C}.Release|x86.ActiveCfg = Release|Win32
		{B3E670E8-1035-4C90-AF9C-B0018776F24C}.Release|x86.Build.0 = Release|Win32
	EndGlobalSection
	GlobalSection(SolutionProperties) = preSolution
		HideSolutionNode = FALSE
	EndGlobalSection
EndGlobal
